{
    "version": 3,
    "terraform_version": "0.11.7",
    "serial": 5,
    "lineage": "0ddf6138-c432-aa8d-6e2c-b6c633c303cf",
    "modules": [
        {
            "path": [
                "root"
            ],
            "outputs": {},
            "resources": {},
            "depends_on": []
        },
        {
            "path": [
                "root",
                "igw_network"
            ],
            "outputs": {
                "igw_id": {
                    "sensitive": false,
                    "type": "string",
                    "value": "igw-0f1ef2c448c47c06c"
                }
            },
            "resources": {
                "aws_internet_gateway.igw": {
                    "type": "aws_internet_gateway",
                    "depends_on": [],
                    "primary": {
                        "id": "igw-0f1ef2c448c47c06c",
                        "attributes": {
                            "id": "igw-0f1ef2c448c47c06c",
                            "tags.%": "2",
                            "tags.Environment": "EntSoft_5101_Dev",
                            "tags.Name": "EntSoft_5101_Dev:igw",
                            "vpc_id": "vpc-0c459e3b4ca00fca9"
                        },
                        "meta": {},
                        "tainted": false
                    },
                    "deposed": [],
                    "provider": "provider.aws"
                }
            },
            "depends_on": []
        },
        {
            "path": [
                "root",
                "route_table_network"
            ],
            "outputs": {
                "private_rt_id": {
                    "sensitive": false,
                    "type": "string",
                    "value": "rtb-038cc5dfc37aa85fc"
                },
                "public_rt_id": {
                    "sensitive": false,
                    "type": "string",
                    "value": "rtb-012638a12d4a08505"
                }
            },
            "resources": {
                "aws_route_table.private-rt": {
                    "type": "aws_route_table",
                    "depends_on": [],
                    "primary": {
                        "id": "rtb-038cc5dfc37aa85fc",
                        "attributes": {
                            "id": "rtb-038cc5dfc37aa85fc",
                            "propagating_vgws.#": "0",
                            "route.#": "0",
                            "tags.%": "3",
                            "tags.Environment": "EntSoft_5101_Dev",
                            "tags.Name": "EntSoft_5101_Dev:private-rt",
                            "tags.Type": "private",
                            "vpc_id": "vpc-0c459e3b4ca00fca9"
                        },
                        "meta": {},
                        "tainted": false
                    },
                    "deposed": [],
                    "provider": "provider.aws"
                },
                "aws_route_table.public-rt": {
                    "type": "aws_route_table",
                    "depends_on": [],
                    "primary": {
                        "id": "rtb-012638a12d4a08505",
                        "attributes": {
                            "id": "rtb-012638a12d4a08505",
                            "propagating_vgws.#": "0",
                            "route.#": "1",
                            "route.2719421397.cidr_block": "0.0.0.0/0",
                            "route.2719421397.egress_only_gateway_id": "",
                            "route.2719421397.gateway_id": "igw-0f1ef2c448c47c06c",
                            "route.2719421397.instance_id": "",
                            "route.2719421397.ipv6_cidr_block": "",
                            "route.2719421397.nat_gateway_id": "",
                            "route.2719421397.network_interface_id": "",
                            "route.2719421397.vpc_peering_connection_id": "",
                            "tags.%": "3",
                            "tags.Environment": "EntSoft_5101_Dev",
                            "tags.Name": "EntSoft_5101_Dev:public-rt",
                            "tags.Type": "public",
                            "vpc_id": "vpc-0c459e3b4ca00fca9"
                        },
                        "meta": {},
                        "tainted": false
                    },
                    "deposed": [],
                    "provider": "provider.aws"
                }
            },
            "depends_on": []
        },
        {
            "path": [
                "root",
                "subnet_network"
            ],
            "outputs": {
                "private_subnet1_cidr_block": {
                    "sensitive": false,
                    "type": "string",
                    "value": "10.131.2.0/24"
                },
                "private_subnet1_id": {
                    "sensitive": false,
                    "type": "string",
                    "value": "subnet-03e7e510eb3701eea"
                },
                "private_subnet2_cidr_block": {
                    "sensitive": false,
                    "type": "string",
                    "value": "10.131.3.0/24"
                },
                "private_subnet2_id": {
                    "sensitive": false,
                    "type": "string",
                    "value": "subnet-04c5d5be6d0cbf9a9"
                },
                "private_subnet3_cidr_block": {
                    "sensitive": false,
                    "type": "string",
                    "value": "10.131.4.0/24"
                },
                "private_subnet3_id": {
                    "sensitive": false,
                    "type": "string",
                    "value": "subnet-0561cd2b31acd0895"
                },
                "private_subnet4_cidr_block": {
                    "sensitive": false,
                    "type": "string",
                    "value": "10.131.5.0/24"
                },
                "private_subnet4_id": {
                    "sensitive": false,
                    "type": "string",
                    "value": "subnet-0c32bd46edc4d194c"
                },
                "public_subnet1_cidr_block": {
                    "sensitive": false,
                    "type": "string",
                    "value": "10.131.0.0/24"
                },
                "public_subnet1_id": {
                    "sensitive": false,
                    "type": "string",
                    "value": "subnet-0639185e3120dbd1b"
                },
                "public_subnet2_cidr_block": {
                    "sensitive": false,
                    "type": "string",
                    "value": "10.131.1.0/24"
                },
                "public_subnet2_id": {
                    "sensitive": false,
                    "type": "string",
                    "value": "subnet-05898a306bfde7c21"
                }
            },
            "resources": {
                "aws_route_table_association.private-assoc": {
                    "type": "aws_route_table_association",
                    "depends_on": [
                        "aws_subnet.private-subnet4"
                    ],
                    "primary": {
                        "id": "rtbassoc-05bd9575b0be977a7",
                        "attributes": {
                            "id": "rtbassoc-05bd9575b0be977a7",
                            "route_table_id": "rtb-038cc5dfc37aa85fc",
                            "subnet_id": "subnet-0c32bd46edc4d194c"
                        },
                        "meta": {},
                        "tainted": false
                    },
                    "deposed": [],
                    "provider": "provider.aws"
                },
                "aws_route_table_association.public_assoc": {
                    "type": "aws_route_table_association",
                    "depends_on": [
                        "aws_subnet.public-subnet2"
                    ],
                    "primary": {
                        "id": "rtbassoc-02729549cc05b2255",
                        "attributes": {
                            "id": "rtbassoc-02729549cc05b2255",
                            "route_table_id": "rtb-012638a12d4a08505",
                            "subnet_id": "subnet-05898a306bfde7c21"
                        },
                        "meta": {},
                        "tainted": false
                    },
                    "deposed": [],
                    "provider": "provider.aws"
                },
                "aws_subnet.private-subnet1": {
                    "type": "aws_subnet",
                    "depends_on": [],
                    "primary": {
                        "id": "subnet-03e7e510eb3701eea",
                        "attributes": {
                            "arn": "arn:aws:ec2:us-east-1:352993214869:subnet/subnet-03e7e510eb3701eea",
                            "assign_ipv6_address_on_creation": "false",
                            "availability_zone": "us-east-1a",
                            "cidr_block": "10.131.2.0/24",
                            "id": "subnet-03e7e510eb3701eea",
                            "map_public_ip_on_launch": "false",
                            "tags.%": "3",
                            "tags.Environment": "EntSoft_5101_Dev",
                            "tags.Name": "EntSoft_5101_Dev:private-subnet1",
                            "tags.Type": "private",
                            "vpc_id": "vpc-0c459e3b4ca00fca9"
                        },
                        "meta": {
                            "schema_version": "1"
                        },
                        "tainted": false
                    },
                    "deposed": [],
                    "provider": "provider.aws"
                },
                "aws_subnet.private-subnet2": {
                    "type": "aws_subnet",
                    "depends_on": [],
                    "primary": {
                        "id": "subnet-04c5d5be6d0cbf9a9",
                        "attributes": {
                            "arn": "arn:aws:ec2:us-east-1:352993214869:subnet/subnet-04c5d5be6d0cbf9a9",
                            "assign_ipv6_address_on_creation": "false",
                            "availability_zone": "us-east-1b",
                            "cidr_block": "10.131.3.0/24",
                            "id": "subnet-04c5d5be6d0cbf9a9",
                            "map_public_ip_on_launch": "false",
                            "tags.%": "3",
                            "tags.Environment": "EntSoft_5101_Dev",
                            "tags.Name": "EntSoft_5101_Dev:private-subnet2",
                            "tags.Type": "private",
                            "vpc_id": "vpc-0c459e3b4ca00fca9"
                        },
                        "meta": {
                            "schema_version": "1"
                        },
                        "tainted": false
                    },
                    "deposed": [],
                    "provider": "provider.aws"
                },
                "aws_subnet.private-subnet3": {
                    "type": "aws_subnet",
                    "depends_on": [],
                    "primary": {
                        "id": "subnet-0561cd2b31acd0895",
                        "attributes": {
                            "arn": "arn:aws:ec2:us-east-1:352993214869:subnet/subnet-0561cd2b31acd0895",
                            "assign_ipv6_address_on_creation": "false",
                            "availability_zone": "us-east-1a",
                            "cidr_block": "10.131.4.0/24",
                            "id": "subnet-0561cd2b31acd0895",
                            "map_public_ip_on_launch": "false",
                            "tags.%": "3",
                            "tags.Environment": "EntSoft_5101_Dev",
                            "tags.Name": "EntSoft_5101_Dev:private-subnet3",
                            "tags.Type": "private",
                            "vpc_id": "vpc-0c459e3b4ca00fca9"
                        },
                        "meta": {
                            "schema_version": "1"
                        },
                        "tainted": false
                    },
                    "deposed": [],
                    "provider": "provider.aws"
                },
                "aws_subnet.private-subnet4": {
                    "type": "aws_subnet",
                    "depends_on": [],
                    "primary": {
                        "id": "subnet-0c32bd46edc4d194c",
                        "attributes": {
                            "arn": "arn:aws:ec2:us-east-1:352993214869:subnet/subnet-0c32bd46edc4d194c",
                            "assign_ipv6_address_on_creation": "false",
                            "availability_zone": "us-east-1b",
                            "cidr_block": "10.131.5.0/24",
                            "id": "subnet-0c32bd46edc4d194c",
                            "map_public_ip_on_launch": "false",
                            "tags.%": "3",
                            "tags.Environment": "EntSoft_5101_Dev",
                            "tags.Name": "EntSoft_5101_Dev:private-subnet4",
                            "tags.Type": "private",
                            "vpc_id": "vpc-0c459e3b4ca00fca9"
                        },
                        "meta": {
                            "schema_version": "1"
                        },
                        "tainted": false
                    },
                    "deposed": [],
                    "provider": "provider.aws"
                },
                "aws_subnet.public-subnet1": {
                    "type": "aws_subnet",
                    "depends_on": [],
                    "primary": {
                        "id": "subnet-0639185e3120dbd1b",
                        "attributes": {
                            "arn": "arn:aws:ec2:us-east-1:352993214869:subnet/subnet-0639185e3120dbd1b",
                            "assign_ipv6_address_on_creation": "false",
                            "availability_zone": "us-east-1a",
                            "cidr_block": "10.131.0.0/24",
                            "id": "subnet-0639185e3120dbd1b",
                            "map_public_ip_on_launch": "false",
                            "tags.%": "3",
                            "tags.Environment": "EntSoft_5101_Dev",
                            "tags.Name": "EntSoft_5101_Dev:public-subnet1",
                            "tags.Type": "public",
                            "vpc_id": "vpc-0c459e3b4ca00fca9"
                        },
                        "meta": {
                            "schema_version": "1"
                        },
                        "tainted": false
                    },
                    "deposed": [],
                    "provider": "provider.aws"
                },
                "aws_subnet.public-subnet2": {
                    "type": "aws_subnet",
                    "depends_on": [],
                    "primary": {
                        "id": "subnet-05898a306bfde7c21",
                        "attributes": {
                            "arn": "arn:aws:ec2:us-east-1:352993214869:subnet/subnet-05898a306bfde7c21",
                            "assign_ipv6_address_on_creation": "false",
                            "availability_zone": "us-east-1b",
                            "cidr_block": "10.131.1.0/24",
                            "id": "subnet-05898a306bfde7c21",
                            "map_public_ip_on_launch": "false",
                            "tags.%": "3",
                            "tags.Environment": "EntSoft_5101_Dev",
                            "tags.Name": "EntSoft_5101_Dev:public-subnet2",
                            "tags.Type": "public",
                            "vpc_id": "vpc-0c459e3b4ca00fca9"
                        },
                        "meta": {
                            "schema_version": "1"
                        },
                        "tainted": false
                    },
                    "deposed": [],
                    "provider": "provider.aws"
                }
            },
            "depends_on": []
        },
        {
            "path": [
                "root",
                "vpc_network"
            ],
            "outputs": {
                "vpc_cidr_prefix": {
                    "sensitive": false,
                    "type": "string",
                    "value": "10.131"
                },
                "vpc_id": {
                    "sensitive": false,
                    "type": "string",
                    "value": "vpc-0c459e3b4ca00fca9"
                }
            },
            "resources": {
                "aws_vpc.vpc": {
                    "type": "aws_vpc",
                    "depends_on": [],
                    "primary": {
                        "id": "vpc-0c459e3b4ca00fca9",
                        "attributes": {
                            "arn": "arn:aws:ec2:us-east-1:352993214869:vpc/vpc-0c459e3b4ca00fca9",
                            "assign_generated_ipv6_cidr_block": "false",
                            "cidr_block": "10.131.0.0/21",
                            "default_network_acl_id": "acl-0730f2659e8438cc7",
                            "default_route_table_id": "rtb-04a86b1f18ef38708",
                            "default_security_group_id": "sg-09ded1df11515f54c",
                            "dhcp_options_id": "dopt-d1a025b4",
                            "enable_classiclink": "false",
                            "enable_classiclink_dns_support": "false",
                            "enable_dns_hostnames": "true",
                            "enable_dns_support": "true",
                            "id": "vpc-0c459e3b4ca00fca9",
                            "instance_tenancy": "default",
                            "main_route_table_id": "rtb-04a86b1f18ef38708",
                            "tags.%": "2",
                            "tags.Environment": "EntSoft_5101_Dev",
                            "tags.Name": "EntSoft_5101_Dev:VPC"
                        },
                        "meta": {
                            "schema_version": "1"
                        },
                        "tainted": false
                    },
                    "deposed": [],
                    "provider": "provider.aws"
                }
            },
            "depends_on": []
        }
    ]
}
